{
  "name": "pebble-olclocater",
  "version": "1.0.0",
  "lockfileVersion": 1,
  "requires": true,
  "dependencies": {
    "open-location-code": {
      "version": "git://github.com/google/open-location-code.git#55940b489b0e44ea0844ffb4061f72818b6c47f3",
      "from": "git://github.com/google/open-location-code.git"
    }
  }
}
